
Microsoft Visual Studio Solution File, Format Version 12.00
# Visual Studio 15
VisualStudioVersion = 15.0.27130.2010
MinimumVisualStudioVersion = 10.0.40219.1
Project("{9A19103F-16F7-4668-BE54-9A1E7A4F7556}") = "WebApiJwt", "WebApiJwt.csproj", "{D2BF569F-EEDF-4142-9FA3-4DE3A1EB14B2}"
EndProject
Project("{9A19103F-16F7-4668-BE54-9A1E7A4F7556}") = "WebClient", "..\..\..\ApiAndJquery\DemoApp\DemoApp\DemoApp\WebClient.csproj", "{F9D3B8D6-A9E7-4238-AC93-5FE866CB1ACF}"
EndProject
Global
	GlobalSection(SolutionConfigurationPlatforms) = preSolution
		Debug|Any CPU = Debug|Any CPU
		Release|Any CPU = Release|Any CPU
	EndGlobalSection
	GlobalSection(ProjectConfigurationPlatforms) = postSolution
		{D2BF569F-EEDF-4142-9FA3-4DE3A1EB14B2}.Debug|Any CPU.ActiveCfg = Debug|Any CPU
		{D2BF569F-EEDF-4142-9FA3-4DE3A1EB14B2}.Debug|Any CPU.Build.0 = Debug|Any CPU
		{D2BF569F-EEDF-4142-9FA3-4DE3A1EB14B2}.Release|Any CPU.ActiveCfg = Release|Any CPU
		{D2BF569F-EEDF-4142-9FA3-4DE3A1EB14B2}.Release|Any CPU.Build.0 = Release|Any CPU
		{F9D3B8D6-A9E7-4238-AC93-5FE866CB1ACF}.Debug|Any CPU.ActiveCfg = Debug|Any CPU
		{F9D3B8D6-A9E7-4238-AC93-5FE866CB1ACF}.Debug|Any CPU.Build.0 = Debug|Any CPU
		{F9D3B8D6-A9E7-4238-AC93-5FE866CB1ACF}.Release|Any CPU.ActiveCfg = Release|Any CPU
		{F9D3B8D6-A9E7-4238-AC93-5FE866CB1ACF}.Release|Any CPU.Build.0 = Release|Any CPU
	EndGlobalSection
	GlobalSection(SolutionProperties) = preSolution
		HideSolutionNode = FALSE
	EndGlobalSection
	GlobalSection(ExtensibilityGlobals) = postSolution
		SolutionGuid = {B133086A-5C15-439B-8364-77D91F25CBBC}
	EndGlobalSection
EndGlobal
